// !$*UTF8*$!
{
	archiveVersion = 1;
	classes = {
	};
	objectVersion = 46;
	objects = {

/* Begin PBXBuildFile section */
		1800C25B1CED6EBC009018BB /* WHIData.m in Sources */ = {isa = PBXBuildFile; fileRef = 1800C25A1CED6EBC009018BB /* WHIData.m */; };
		1800C2611CED96A4009018BB /* WHIPmHomeViewController.m in Sources */ = {isa = PBXBuildFile; fileRef = 1800C2601CED96A4009018BB /* WHIPmHomeViewController.m */; };
		182D56071CE32832002BD78C /* NSDate+Formatter.m in Sources */ = {isa = PBXBuildFile; fileRef = 182D56061CE32832002BD78C /* NSDate+Formatter.m */; };
		18378AAD1CE185E80051665C /* WHIBaseDataSource.m in Sources */ = {isa = PBXBuildFile; fileRef = 18378AAC1CE185E80051665C /* WHIBaseDataSource.m */; };
		183BB4031CC9D60C006D8EA7 /* UIColor+AppColor.m in Sources */ = {isa = PBXBuildFile; fileRef = 183BB4021CC9D60C006D8EA7 /* UIColor+AppColor.m */; };
		183BB4071CC9D715006D8EA7 /* WHIBaseModel.m in Sources */ = {isa = PBXBuildFile; fileRef = 183BB4061CC9D715006D8EA7 /* WHIBaseModel.m */; };
		183BB40D1CC9D778006D8EA7 /* WHIClient.m in Sources */ = {isa = PBXBuildFile; fileRef = 183BB40A1CC9D778006D8EA7 /* WHIClient.m */; };
		183BB40E1CC9D778006D8EA7 /* WHIClientConfigure.m in Sources */ = {isa = PBXBuildFile; fileRef = 183BB40C1CC9D778006D8EA7 /* WHIClientConfigure.m */; };
		183BB4111CC9D82C006D8EA7 /* WHIJSONResponseSerializer.m in Sources */ = {isa = PBXBuildFile; fileRef = 183BB4101CC9D82C006D8EA7 /* WHIJSONResponseSerializer.m */; };
		183BB4181CC9EA9A006D8EA7 /* UIAlertController+Manager.m in Sources */ = {isa = PBXBuildFile; fileRef = 183BB4151CC9EA9A006D8EA7 /* UIAlertController+Manager.m */; };
		183BB4191CC9EA9A006D8EA7 /* UIAlertController+ShowAlertMessage.m in Sources */ = {isa = PBXBuildFile; fileRef = 183BB4171CC9EA9A006D8EA7 /* UIAlertController+ShowAlertMessage.m */; };
		183BB41C1CC9EB71006D8EA7 /* LocalizedString.strings in Resources */ = {isa = PBXBuildFile; fileRef = 183BB41E1CC9EB71006D8EA7 /* LocalizedString.strings */; };
		183BB4211CC9EBCD006D8EA7 /* UIImagePickerController+Manager.m in Sources */ = {isa = PBXBuildFile; fileRef = 183BB4201CC9EBCD006D8EA7 /* UIImagePickerController+Manager.m */; };
		183BB4241CC9FB01006D8EA7 /* WHILocationManager.m in Sources */ = {isa = PBXBuildFile; fileRef = 183BB4231CC9FB01006D8EA7 /* WHILocationManager.m */; };
		183BB4281CC9FC17006D8EA7 /* WHIUserDefaults.m in Sources */ = {isa = PBXBuildFile; fileRef = 183BB4271CC9FC17006D8EA7 /* WHIUserDefaults.m */; };
		183BB42C1CCA0413006D8EA7 /* WHIDatabaseManager.m in Sources */ = {isa = PBXBuildFile; fileRef = 183BB42B1CCA0413006D8EA7 /* WHIDatabaseManager.m */; };
		184F6D791D52D61700D04AB9 /* WHIForgetPasswordViewController.m in Sources */ = {isa = PBXBuildFile; fileRef = 184F6D781D52D61700D04AB9 /* WHIForgetPasswordViewController.m */; };
		18625F991CCDBB0300251FC7 /* WHIActivityIndicatorButton.m in Sources */ = {isa = PBXBuildFile; fileRef = 18625F981CCDBB0300251FC7 /* WHIActivityIndicatorButton.m */; };
		18625F9D1CCE10D900251FC7 /* BMKAddressComponent+Coding.m in Sources */ = {isa = PBXBuildFile; fileRef = 18625F9C1CCE10D900251FC7 /* BMKAddressComponent+Coding.m */; };
		18643E2F1CFBE0FC00FA86E0 /* WHIRegisterTableViewController.m in Sources */ = {isa = PBXBuildFile; fileRef = 18643E2E1CFBE0FC00FA86E0 /* WHIRegisterTableViewController.m */; };
		18643E321CFBF4A200FA86E0 /* WHILoginTableViewController.m in Sources */ = {isa = PBXBuildFile; fileRef = 18643E311CFBF4A200FA86E0 /* WHILoginTableViewController.m */; };
		18643E351CFC344100FA86E0 /* WHIData+Manager.m in Sources */ = {isa = PBXBuildFile; fileRef = 18643E341CFC344100FA86E0 /* WHIData+Manager.m */; };
		18643E3D1CFD68FA00FA86E0 /* WHIShareManager.m in Sources */ = {isa = PBXBuildFile; fileRef = 18643E3C1CFD68FA00FA86E0 /* WHIShareManager.m */; };
		186B18601CF4034000DD41C2 /* UIAlertController+WeightController.m in Sources */ = {isa = PBXBuildFile; fileRef = 186B185F1CF4034000DD41C2 /* UIAlertController+WeightController.m */; };
		186B7C091D348C9F00174FD4 /* WHIPrivacyViewController.m in Sources */ = {isa = PBXBuildFile; fileRef = 186B7C081D348C9F00174FD4 /* WHIPrivacyViewController.m */; };
		1872F6351CD06D3E0009302E /* WHIPMData.m in Sources */ = {isa = PBXBuildFile; fileRef = 1872F6341CD06D3E0009302E /* WHIPMData.m */; };
		1872F63E1CD0BA550009302E /* WHIPMData+Manager.m in Sources */ = {isa = PBXBuildFile; fileRef = 1872F63D1CD0BA550009302E /* WHIPMData+Manager.m */; };
		1872F6421CD0BDB30009302E /* NSValue+Location.m in Sources */ = {isa = PBXBuildFile; fileRef = 1872F6411CD0BDB30009302E /* NSValue+Location.m */; };
		1882097C1CF6A91D00FF2702 /* WHIBluetoothTableViewController.m in Sources */ = {isa = PBXBuildFile; fileRef = 1882097B1CF6A91D00FF2702 /* WHIBluetoothTableViewController.m */; };
		18897C531C9F97FC00A7DBAF /* main.m in Sources */ = {isa = PBXBuildFile; fileRef = 18897C521C9F97FC00A7DBAF /* main.m */; };
		18897C561C9F97FC00A7DBAF /* AppDelegate.m in Sources */ = {isa = PBXBuildFile; fileRef = 18897C551C9F97FC00A7DBAF /* AppDelegate.m */; };
		18897C591C9F97FC00A7DBAF /* ViewController.m in Sources */ = {isa = PBXBuildFile; fileRef = 18897C581C9F97FC00A7DBAF /* ViewController.m */; };
		18897C5C1C9F97FC00A7DBAF /* Main.storyboard in Resources */ = {isa = PBXBuildFile; fileRef = 18897C5A1C9F97FC00A7DBAF /* Main.storyboard */; };
		18897C5E1C9F97FC00A7DBAF /* Assets.xcassets in Resources */ = {isa = PBXBuildFile; fileRef = 18897C5D1C9F97FC00A7DBAF /* Assets.xcassets */; };
		18897C611C9F97FC00A7DBAF /* LaunchScreen.storyboard in Resources */ = {isa = PBXBuildFile; fileRef = 18897C5F1C9F97FC00A7DBAF /* LaunchScreen.storyboard */; };
		18897C6C1C9F97FC00A7DBAF /* whiskyTests.m in Sources */ = {isa = PBXBuildFile; fileRef = 18897C6B1C9F97FC00A7DBAF /* whiskyTests.m */; };
		18897C771C9F97FC00A7DBAF /* whiskyUITests.m in Sources */ = {isa = PBXBuildFile; fileRef = 18897C761C9F97FC00A7DBAF /* whiskyUITests.m */; };
		188A52AF1D17B08500106FC9 /* WHIUdpSocket.m in Sources */ = {isa = PBXBuildFile; fileRef = 188A52AE1D17B08500106FC9 /* WHIUdpSocket.m */; };
		18A010AC1CF310D700209D27 /* WHIGlobal.m in Sources */ = {isa = PBXBuildFile; fileRef = 18A010AB1CF310D700209D27 /* WHIGlobal.m */; };
		18A5F16A1CE5CE6000694FDF /* WHIMotionManager.m in Sources */ = {isa = PBXBuildFile; fileRef = 18A5F1691CE5CE6000694FDF /* WHIMotionManager.m */; };
		18A5F16E1CE5E15900694FDF /* WHIHealthKit.m in Sources */ = {isa = PBXBuildFile; fileRef = 18A5F16D1CE5E15900694FDF /* WHIHealthKit.m */; };
		18B659401CF6D2A100772326 /* WHIBluetoothTableViewCell.m in Sources */ = {isa = PBXBuildFile; fileRef = 18B6593F1CF6D2A100772326 /* WHIBluetoothTableViewCell.m */; };
		18B659431CF6DA1400772326 /* WHIBlueTooth.m in Sources */ = {isa = PBXBuildFile; fileRef = 18B659421CF6DA1400772326 /* WHIBlueTooth.m */; };
		18B659481CF6EBE800772326 /* WHIUpdatePasswordTableViewController.m in Sources */ = {isa = PBXBuildFile; fileRef = 18B659471CF6EBE800772326 /* WHIUpdatePasswordTableViewController.m */; };
		18B6594C1CF6EDDB00772326 /* WHIUser.m in Sources */ = {isa = PBXBuildFile; fileRef = 18B6594B1CF6EDDB00772326 /* WHIUser.m */; };
		18B6594F1CF7041D00772326 /* WHIUnloginProfileTableViewController.m in Sources */ = {isa = PBXBuildFile; fileRef = 18B6594E1CF7041D00772326 /* WHIUnloginProfileTableViewController.m */; };
		18B659521CF7044300772326 /* WHILoginProfileTableViewController.m in Sources */ = {isa = PBXBuildFile; fileRef = 18B659511CF7044300772326 /* WHILoginProfileTableViewController.m */; };
		18B659561CF83E0600772326 /* WHIProfileViewController.m in Sources */ = {isa = PBXBuildFile; fileRef = 18B659551CF83E0600772326 /* WHIProfileViewController.m */; };
		18B659591CF842C700772326 /* WHIUser+Manager.m in Sources */ = {isa = PBXBuildFile; fileRef = 18B659581CF842C700772326 /* WHIUser+Manager.m */; };
		18E0742D1CFEB84C005E1C32 /* WHIHelpTableViewController.m in Sources */ = {isa = PBXBuildFile; fileRef = 18E0742C1CFEB84C005E1C32 /* WHIHelpTableViewController.m */; };
		F2DB17F7DEFCC0BA5BD57BFB /* Pods_whisky.framework in Frameworks */ = {isa = PBXBuildFile; fileRef = 8FF6B1AD41D0056127CD96AE /* Pods_whisky.framework */; };
		FD1BC7311E2E31E700E2B27C /* DeviceTableViewCell.m in Sources */ = {isa = PBXBuildFile; fileRef = FD1BC7301E2E31E700E2B27C /* DeviceTableViewCell.m */; };
		FD1BC7351E2E373900E2B27C /* DeviceWifi.m in Sources */ = {isa = PBXBuildFile; fileRef = FD1BC7341E2E373900E2B27C /* DeviceWifi.m */; };
		FD1BC7381E2E6E6900E2B27C /* Device805TableViewController.m in Sources */ = {isa = PBXBuildFile; fileRef = FD1BC7371E2E6E6900E2B27C /* Device805TableViewController.m */; };
		FD6E6DC01E0C22A6009F9C9E /* HealthKit.framework in Frameworks */ = {isa = PBXBuildFile; fileRef = FD6E6DBF1E0C22A6009F9C9E /* HealthKit.framework */; };
/* End PBXBuildFile section */

/* Begin PBXContainerItemProxy section */
		18897C681C9F97FC00A7DBAF /* PBXContainerItemProxy */ = {
			isa = PBXContainerItemProxy;
			containerPortal = 18897C461C9F97FC00A7DBAF /* Project object */;
			proxyType = 1;
			remoteGlobalIDString = 18897C4D1C9F97FC00A7DBAF;
			remoteInfo = whisky;
		};
		18897C731C9F97FC00A7DBAF /* PBXContainerItemProxy */ = {
			isa = PBXContainerItemProxy;
			containerPortal = 18897C461C9F97FC00A7DBAF /* Project object */;
			proxyType = 1;
			remoteGlobalIDString = 18897C4D1C9F97FC00A7DBAF;
			remoteInfo = whisky;
		};
/* End PBXContainerItemProxy section */

/* Begin PBXCopyFilesBuildPhase section */
		188209731CF69CC200FF2702 /* Embed Frameworks */ = {
			isa = PBXCopyFilesBuildPhase;
			buildActionMask = 2147483647;
			dstPath = "";
			dstSubfolderSpec = 10;
			files = (
			);
			name = "Embed Frameworks";
			runOnlyForDeploymentPostprocessing = 0;
		};
/* End PBXCopyFilesBuildPhase section */

/* Begin PBXFileReference section */
		1800C2591CED6EBC009018BB /* WHIData.h */ = {isa = PBXFileReference; fileEncoding = 4; lastKnownFileType = sourcecode.c.h; path = WHIData.h; sourceTree = "<group>"; };
		1800C25A1CED6EBC009018BB /* WHIData.m */ = {isa = PBXFileReference; fileEncoding = 4; lastKnownFileType = sourcecode.c.objc; path = WHIData.m; sourceTree = "<group>"; };
		1800C25F1CED96A4009018BB /* WHIPmHomeViewController.h */ = {isa = PBXFileReference; fileEncoding = 4; lastKnownFileType = sourcecode.c.h; path = WHIPmHomeViewController.h; sourceTree = "<group>"; };
		1800C2601CED96A4009018BB /* WHIPmHomeViewController.m */ = {isa = PBXFileReference; fileEncoding = 4; lastKnownFileType = sourcecode.c.objc; path = WHIPmHomeViewController.m; sourceTree = "<group>"; };
		182D56051CE32832002BD78C /* NSDate+Formatter.h */ = {isa = PBXFileReference; fileEncoding = 4; lastKnownFileType = sourcecode.c.h; path = "NSDate+Formatter.h"; sourceTree = "<group>"; };
		182D56061CE32832002BD78C /* NSDate+Formatter.m */ = {isa = PBXFileReference; fileEncoding = 4; lastKnownFileType = sourcecode.c.objc; path = "NSDate+Formatter.m"; sourceTree = "<group>"; };
		18378AAB1CE185E80051665C /* WHIBaseDataSource.h */ = {isa = PBXFileReference; fileEncoding = 4; lastKnownFileType = sourcecode.c.h; path = WHIBaseDataSource.h; sourceTree = "<group>"; };
		18378AAC1CE185E80051665C /* WHIBaseDataSource.m */ = {isa = PBXFileReference; fileEncoding = 4; lastKnownFileType = sourcecode.c.objc; path = WHIBaseDataSource.m; sourceTree = "<group>"; };
		183BB3FE1CC9D57E006D8EA7 /* WhiskyPrefixHeader.pch */ = {isa = PBXFileReference; fileEncoding = 4; lastKnownFileType = sourcecode.c.h; path = WhiskyPrefixHeader.pch; sourceTree = "<group>"; };
		183BB4011CC9D60C006D8EA7 /* UIColor+AppColor.h */ = {isa = PBXFileReference; fileEncoding = 4; lastKnownFileType = sourcecode.c.h; path = "UIColor+AppColor.h"; sourceTree = "<group>"; };
		183BB4021CC9D60C006D8EA7 /* UIColor+AppColor.m */ = {isa = PBXFileReference; fileEncoding = 4; lastKnownFileType = sourcecode.c.objc; path = "UIColor+AppColor.m"; sourceTree = "<group>"; };
		183BB4051CC9D715006D8EA7 /* WHIBaseModel.h */ = {isa = PBXFileReference; fileEncoding = 4; lastKnownFileType = sourcecode.c.h; path = WHIBaseModel.h; sourceTree = "<group>"; };
		183BB4061CC9D715006D8EA7 /* WHIBaseModel.m */ = {isa = PBXFileReference; fileEncoding = 4; lastKnownFileType = sourcecode.c.objc; path = WHIBaseModel.m; sourceTree = "<group>"; };
		183BB4091CC9D778006D8EA7 /* WHIClient.h */ = {isa = PBXFileReference; fileEncoding = 4; lastKnownFileType = sourcecode.c.h; path = WHIClient.h; sourceTree = "<group>"; };
		183BB40A1CC9D778006D8EA7 /* WHIClient.m */ = {isa = PBXFileReference; fileEncoding = 4; lastKnownFileType = sourcecode.c.objc; path = WHIClient.m; sourceTree = "<group>"; };
		183BB40B1CC9D778006D8EA7 /* WHIClientConfigure.h */ = {isa = PBXFileReference; fileEncoding = 4; lastKnownFileType = sourcecode.c.h; path = WHIClientConfigure.h; sourceTree = "<group>"; };
		183BB40C1CC9D778006D8EA7 /* WHIClientConfigure.m */ = {isa = PBXFileReference; fileEncoding = 4; lastKnownFileType = sourcecode.c.objc; path = WHIClientConfigure.m; sourceTree = "<group>"; };
		183BB40F1CC9D82C006D8EA7 /* WHIJSONResponseSerializer.h */ = {isa = PBXFileReference; fileEncoding = 4; lastKnownFileType = sourcecode.c.h; path = WHIJSONResponseSerializer.h; sourceTree = "<group>"; };
		183BB4101CC9D82C006D8EA7 /* WHIJSONResponseSerializer.m */ = {isa = PBXFileReference; fileEncoding = 4; lastKnownFileType = sourcecode.c.objc; path = WHIJSONResponseSerializer.m; sourceTree = "<group>"; };
		183BB4141CC9EA9A006D8EA7 /* UIAlertController+Manager.h */ = {isa = PBXFileReference; fileEncoding = 4; lastKnownFileType = sourcecode.c.h; path = "UIAlertController+Manager.h"; sourceTree = "<group>"; };
		183BB4151CC9EA9A006D8EA7 /* UIAlertController+Manager.m */ = {isa = PBXFileReference; fileEncoding = 4; lastKnownFileType = sourcecode.c.objc; path = "UIAlertController+Manager.m"; sourceTree = "<group>"; };
		183BB4161CC9EA9A006D8EA7 /* UIAlertController+ShowAlertMessage.h */ = {isa = PBXFileReference; fileEncoding = 4; lastKnownFileType = sourcecode.c.h; path = "UIAlertController+ShowAlertMessage.h"; sourceTree = "<group>"; };
		183BB4171CC9EA9A006D8EA7 /* UIAlertController+ShowAlertMessage.m */ = {isa = PBXFileReference; fileEncoding = 4; lastKnownFileType = sourcecode.c.objc; path = "UIAlertController+ShowAlertMessage.m"; sourceTree = "<group>"; };
		183BB41D1CC9EB71006D8EA7 /* en */ = {isa = PBXFileReference; lastKnownFileType = text.plist.strings; name = en; path = en.lproj/LocalizedString.strings; sourceTree = "<group>"; };
		183BB41F1CC9EBCD006D8EA7 /* UIImagePickerController+Manager.h */ = {isa = PBXFileReference; fileEncoding = 4; lastKnownFileType = sourcecode.c.h; path = "UIImagePickerController+Manager.h"; sourceTree = "<group>"; };
		183BB4201CC9EBCD006D8EA7 /* UIImagePickerController+Manager.m */ = {isa = PBXFileReference; fileEncoding = 4; lastKnownFileType = sourcecode.c.objc; path = "UIImagePickerController+Manager.m"; sourceTree = "<group>"; };
		183BB4221CC9FB01006D8EA7 /* WHILocationManager.h */ = {isa = PBXFileReference; fileEncoding = 4; lastKnownFileType = sourcecode.c.h; path = WHILocationManager.h; sourceTree = "<group>"; };
		183BB4231CC9FB01006D8EA7 /* WHILocationManager.m */ = {isa = PBXFileReference; fileEncoding = 4; lastKnownFileType = sourcecode.c.objc; path = WHILocationManager.m; sourceTree = "<group>"; };
		183BB4261CC9FC17006D8EA7 /* WHIUserDefaults.h */ = {isa = PBXFileReference; fileEncoding = 4; lastKnownFileType = sourcecode.c.h; path = WHIUserDefaults.h; sourceTree = "<group>"; };
		183BB4271CC9FC17006D8EA7 /* WHIUserDefaults.m */ = {isa = PBXFileReference; fileEncoding = 4; lastKnownFileType = sourcecode.c.objc; path = WHIUserDefaults.m; sourceTree = "<group>"; };
		183BB42A1CCA0413006D8EA7 /* WHIDatabaseManager.h */ = {isa = PBXFileReference; fileEncoding = 4; lastKnownFileType = sourcecode.c.h; path = WHIDatabaseManager.h; sourceTree = "<group>"; };
		183BB42B1CCA0413006D8EA7 /* WHIDatabaseManager.m */ = {isa = PBXFileReference; fileEncoding = 4; lastKnownFileType = sourcecode.c.objc; path = WHIDatabaseManager.m; sourceTree = "<group>"; };
		184F6D771D52D61700D04AB9 /* WHIForgetPasswordViewController.h */ = {isa = PBXFileReference; fileEncoding = 4; lastKnownFileType = sourcecode.c.h; path = WHIForgetPasswordViewController.h; sourceTree = "<group>"; };
		184F6D781D52D61700D04AB9 /* WHIForgetPasswordViewController.m */ = {isa = PBXFileReference; fileEncoding = 4; lastKnownFileType = sourcecode.c.objc; path = WHIForgetPasswordViewController.m; sourceTree = "<group>"; };
		18625F971CCDBB0300251FC7 /* WHIActivityIndicatorButton.h */ = {isa = PBXFileReference; fileEncoding = 4; lastKnownFileType = sourcecode.c.h; path = WHIActivityIndicatorButton.h; sourceTree = "<group>"; };
		18625F981CCDBB0300251FC7 /* WHIActivityIndicatorButton.m */ = {isa = PBXFileReference; fileEncoding = 4; lastKnownFileType = sourcecode.c.objc; path = WHIActivityIndicatorButton.m; sourceTree = "<group>"; };
		18625F9B1CCE10D900251FC7 /* BMKAddressComponent+Coding.h */ = {isa = PBXFileReference; fileEncoding = 4; lastKnownFileType = sourcecode.c.h; path = "BMKAddressComponent+Coding.h"; sourceTree = "<group>"; };
		18625F9C1CCE10D900251FC7 /* BMKAddressComponent+Coding.m */ = {isa = PBXFileReference; fileEncoding = 4; lastKnownFileType = sourcecode.c.objc; path = "BMKAddressComponent+Coding.m"; sourceTree = "<group>"; };
		18625FA51CCE22E300251FC7 /* whisky.entitlements */ = {isa = PBXFileReference; lastKnownFileType = text.xml; path = whisky.entitlements; sourceTree = "<group>"; };
		18643E2D1CFBE0FC00FA86E0 /* WHIRegisterTableViewController.h */ = {isa = PBXFileReference; fileEncoding = 4; lastKnownFileType = sourcecode.c.h; path = WHIRegisterTableViewController.h; sourceTree = "<group>"; };
		18643E2E1CFBE0FC00FA86E0 /* WHIRegisterTableViewController.m */ = {isa = PBXFileReference; fileEncoding = 4; lastKnownFileType = sourcecode.c.objc; path = WHIRegisterTableViewController.m; sourceTree = "<group>"; };
		18643E301CFBF4A200FA86E0 /* WHILoginTableViewController.h */ = {isa = PBXFileReference; fileEncoding = 4; lastKnownFileType = sourcecode.c.h; path = WHILoginTableViewController.h; sourceTree = "<group>"; };
		18643E311CFBF4A200FA86E0 /* WHILoginTableViewController.m */ = {isa = PBXFileReference; fileEncoding = 4; lastKnownFileType = sourcecode.c.objc; path = WHILoginTableViewController.m; sourceTree = "<group>"; };
		18643E331CFC344100FA86E0 /* WHIData+Manager.h */ = {isa = PBXFileReference; fileEncoding = 4; lastKnownFileType = sourcecode.c.h; path = "WHIData+Manager.h"; sourceTree = "<group>"; };
		18643E341CFC344100FA86E0 /* WHIData+Manager.m */ = {isa = PBXFileReference; fileEncoding = 4; lastKnownFileType = sourcecode.c.objc; path = "WHIData+Manager.m"; sourceTree = "<group>"; };
		18643E3B1CFD68FA00FA86E0 /* WHIShareManager.h */ = {isa = PBXFileReference; fileEncoding = 4; lastKnownFileType = sourcecode.c.h; path = WHIShareManager.h; sourceTree = "<group>"; };
		18643E3C1CFD68FA00FA86E0 /* WHIShareManager.m */ = {isa = PBXFileReference; fileEncoding = 4; lastKnownFileType = sourcecode.c.objc; path = WHIShareManager.m; sourceTree = "<group>"; };
		186B185E1CF4034000DD41C2 /* UIAlertController+WeightController.h */ = {isa = PBXFileReference; fileEncoding = 4; lastKnownFileType = sourcecode.c.h; path = "UIAlertController+WeightController.h"; sourceTree = "<group>"; };
		186B185F1CF4034000DD41C2 /* UIAlertController+WeightController.m */ = {isa = PBXFileReference; fileEncoding = 4; lastKnownFileType = sourcecode.c.objc; path = "UIAlertController+WeightController.m"; sourceTree = "<group>"; };
		186B7C071D348C9F00174FD4 /* WHIPrivacyViewController.h */ = {isa = PBXFileReference; fileEncoding = 4; lastKnownFileType = sourcecode.c.h; path = WHIPrivacyViewController.h; sourceTree = "<group>"; };
		186B7C081D348C9F00174FD4 /* WHIPrivacyViewController.m */ = {isa = PBXFileReference; fileEncoding = 4; lastKnownFileType = sourcecode.c.objc; path = WHIPrivacyViewController.m; sourceTree = "<group>"; };
		1872F6331CD06D3E0009302E /* WHIPMData.h */ = {isa = PBXFileReference; fileEncoding = 4; lastKnownFileType = sourcecode.c.h; path = WHIPMData.h; sourceTree = "<group>"; };
		1872F6341CD06D3E0009302E /* WHIPMData.m */ = {isa = PBXFileReference; fileEncoding = 4; lastKnownFileType = sourcecode.c.objc; path = WHIPMData.m; sourceTree = "<group>"; };
		1872F63C1CD0BA550009302E /* WHIPMData+Manager.h */ = {isa = PBXFileReference; fileEncoding = 4; lastKnownFileType = sourcecode.c.h; path = "WHIPMData+Manager.h"; sourceTree = "<group>"; };
		1872F63D1CD0BA550009302E /* WHIPMData+Manager.m */ = {isa = PBXFileReference; fileEncoding = 4; lastKnownFileType = sourcecode.c.objc; path = "WHIPMData+Manager.m"; sourceTree = "<group>"; };
		1872F6401CD0BDB30009302E /* NSValue+Location.h */ = {isa = PBXFileReference; fileEncoding = 4; lastKnownFileType = sourcecode.c.h; path = "NSValue+Location.h"; sourceTree = "<group>"; };
		1872F6411CD0BDB30009302E /* NSValue+Location.m */ = {isa = PBXFileReference; fileEncoding = 4; lastKnownFileType = sourcecode.c.objc; path = "NSValue+Location.m"; sourceTree = "<group>"; };
		1882097A1CF6A91D00FF2702 /* WHIBluetoothTableViewController.h */ = {isa = PBXFileReference; fileEncoding = 4; lastKnownFileType = sourcecode.c.h; path = WHIBluetoothTableViewController.h; sourceTree = "<group>"; };
		1882097B1CF6A91D00FF2702 /* WHIBluetoothTableViewController.m */ = {isa = PBXFileReference; fileEncoding = 4; lastKnownFileType = sourcecode.c.objc; path = WHIBluetoothTableViewController.m; sourceTree = "<group>"; };
		18897C4E1C9F97FC00A7DBAF /* whisky.app */ = {isa = PBXFileReference; explicitFileType = wrapper.application; includeInIndex = 0; path = whisky.app; sourceTree = BUILT_PRODUCTS_DIR; };
		18897C521C9F97FC00A7DBAF /* main.m */ = {isa = PBXFileReference; lastKnownFileType = sourcecode.c.objc; path = main.m; sourceTree = "<group>"; };
		18897C541C9F97FC00A7DBAF /* AppDelegate.h */ = {isa = PBXFileReference; lastKnownFileType = sourcecode.c.h; path = AppDelegate.h; sourceTree = "<group>"; };
		18897C551C9F97FC00A7DBAF /* AppDelegate.m */ = {isa = PBXFileReference; lastKnownFileType = sourcecode.c.objc; path = AppDelegate.m; sourceTree = "<group>"; };
		18897C571C9F97FC00A7DBAF /* ViewController.h */ = {isa = PBXFileReference; lastKnownFileType = sourcecode.c.h; path = ViewController.h; sourceTree = "<group>"; };
		18897C581C9F97FC00A7DBAF /* ViewController.m */ = {isa = PBXFileReference; lastKnownFileType = sourcecode.c.objc; path = ViewController.m; sourceTree = "<group>"; };
		18897C5B1C9F97FC00A7DBAF /* Base */ = {isa = PBXFileReference; lastKnownFileType = file.storyboard; name = Base; path = Base.lproj/Main.storyboard; sourceTree = "<group>"; };
		18897C5D1C9F97FC00A7DBAF /* Assets.xcassets */ = {isa = PBXFileReference; lastKnownFileType = folder.assetcatalog; path = Assets.xcassets; sourceTree = "<group>"; };
		18897C601C9F97FC00A7DBAF /* Base */ = {isa = PBXFileReference; lastKnownFileType = file.storyboard; name = Base; path = Base.lproj/LaunchScreen.storyboard; sourceTree = "<group>"; };
		18897C621C9F97FC00A7DBAF /* Info.plist */ = {isa = PBXFileReference; lastKnownFileType = text.plist.xml; path = Info.plist; sourceTree = "<group>"; };
		18897C671C9F97FC00A7DBAF /* whiskyTests.xctest */ = {isa = PBXFileReference; explicitFileType = wrapper.cfbundle; includeInIndex = 0; path = whiskyTests.xctest; sourceTree = BUILT_PRODUCTS_DIR; };
		18897C6B1C9F97FC00A7DBAF /* whiskyTests.m */ = {isa = PBXFileReference; lastKnownFileType = sourcecode.c.objc; path = whiskyTests.m; sourceTree = "<group>"; };
		18897C6D1C9F97FC00A7DBAF /* Info.plist */ = {isa = PBXFileReference; lastKnownFileType = text.plist.xml; path = Info.plist; sourceTree = "<group>"; };
		18897C721C9F97FC00A7DBAF /* whiskyUITests.xctest */ = {isa = PBXFileReference; explicitFileType = wrapper.cfbundle; includeInIndex = 0; path = whiskyUITests.xctest; sourceTree = BUILT_PRODUCTS_DIR; };
		18897C761C9F97FC00A7DBAF /* whiskyUITests.m */ = {isa = PBXFileReference; lastKnownFileType = sourcecode.c.objc; path = whiskyUITests.m; sourceTree = "<group>"; };
		18897C781C9F97FC00A7DBAF /* Info.plist */ = {isa = PBXFileReference; lastKnownFileType = text.plist.xml; path = Info.plist; sourceTree = "<group>"; };
		188A52AD1D17B08500106FC9 /* WHIUdpSocket.h */ = {isa = PBXFileReference; fileEncoding = 4; lastKnownFileType = sourcecode.c.h; path = WHIUdpSocket.h; sourceTree = "<group>"; };
		188A52AE1D17B08500106FC9 /* WHIUdpSocket.m */ = {isa = PBXFileReference; fileEncoding = 4; lastKnownFileType = sourcecode.c.objc; path = WHIUdpSocket.m; sourceTree = "<group>"; };
		18A010AA1CF310D700209D27 /* WHIGlobal.h */ = {isa = PBXFileReference; fileEncoding = 4; lastKnownFileType = sourcecode.c.h; path = WHIGlobal.h; sourceTree = "<group>"; };
		18A010AB1CF310D700209D27 /* WHIGlobal.m */ = {isa = PBXFileReference; fileEncoding = 4; lastKnownFileType = sourcecode.c.objc; path = WHIGlobal.m; sourceTree = "<group>"; };
		18A5F1681CE5CE6000694FDF /* WHIMotionManager.h */ = {isa = PBXFileReference; fileEncoding = 4; lastKnownFileType = sourcecode.c.h; path = WHIMotionManager.h; sourceTree = "<group>"; };
		18A5F1691CE5CE6000694FDF /* WHIMotionManager.m */ = {isa = PBXFileReference; fileEncoding = 4; lastKnownFileType = sourcecode.c.objc; path = WHIMotionManager.m; sourceTree = "<group>"; };
		18A5F16C1CE5E15900694FDF /* WHIHealthKit.h */ = {isa = PBXFileReference; fileEncoding = 4; lastKnownFileType = sourcecode.c.h; path = WHIHealthKit.h; sourceTree = "<group>"; };
		18A5F16D1CE5E15900694FDF /* WHIHealthKit.m */ = {isa = PBXFileReference; fileEncoding = 4; lastKnownFileType = sourcecode.c.objc; path = WHIHealthKit.m; sourceTree = "<group>"; };
		18B6593E1CF6D2A100772326 /* WHIBluetoothTableViewCell.h */ = {isa = PBXFileReference; fileEncoding = 4; lastKnownFileType = sourcecode.c.h; path = WHIBluetoothTableViewCell.h; sourceTree = "<group>"; };
		18B6593F1CF6D2A100772326 /* WHIBluetoothTableViewCell.m */ = {isa = PBXFileReference; fileEncoding = 4; lastKnownFileType = sourcecode.c.objc; path = WHIBluetoothTableViewCell.m; sourceTree = "<group>"; };
		18B659411CF6DA1400772326 /* WHIBlueTooth.h */ = {isa = PBXFileReference; fileEncoding = 4; lastKnownFileType = sourcecode.c.h; path = WHIBlueTooth.h; sourceTree = "<group>"; };
		18B659421CF6DA1400772326 /* WHIBlueTooth.m */ = {isa = PBXFileReference; fileEncoding = 4; lastKnownFileType = sourcecode.c.objc; path = WHIBlueTooth.m; sourceTree = "<group>"; };
		18B659461CF6EBE800772326 /* WHIUpdatePasswordTableViewController.h */ = {isa = PBXFileReference; fileEncoding = 4; lastKnownFileType = sourcecode.c.h; path = WHIUpdatePasswordTableViewController.h; sourceTree = "<group>"; };
		18B659471CF6EBE800772326 /* WHIUpdatePasswordTableViewController.m */ = {isa = PBXFileReference; fileEncoding = 4; lastKnownFileType = sourcecode.c.objc; path = WHIUpdatePasswordTableViewController.m; sourceTree = "<group>"; };
		18B6594A1CF6EDDB00772326 /* WHIUser.h */ = {isa = PBXFileReference; fileEncoding = 4; lastKnownFileType = sourcecode.c.h; path = WHIUser.h; sourceTree = "<group>"; };
		18B6594B1CF6EDDB00772326 /* WHIUser.m */ = {isa = PBXFileReference; fileEncoding = 4; lastKnownFileType = sourcecode.c.objc; path = WHIUser.m; sourceTree = "<group>"; };
		18B6594D1CF7041D00772326 /* WHIUnloginProfileTableViewController.h */ = {isa = PBXFileReference; fileEncoding = 4; lastKnownFileType = sourcecode.c.h; path = WHIUnloginProfileTableViewController.h; sourceTree = "<group>"; };
		18B6594E1CF7041D00772326 /* WHIUnloginProfileTableViewController.m */ = {isa = PBXFileReference; fileEncoding = 4; lastKnownFileType = sourcecode.c.objc; path = WHIUnloginProfileTableViewController.m; sourceTree = "<group>"; };
		18B659501CF7044300772326 /* WHILoginProfileTableViewController.h */ = {isa = PBXFileReference; fileEncoding = 4; lastKnownFileType = sourcecode.c.h; path = WHILoginProfileTableViewController.h; sourceTree = "<group>"; };
		18B659511CF7044300772326 /* WHILoginProfileTableViewController.m */ = {isa = PBXFileReference; fileEncoding = 4; lastKnownFileType = sourcecode.c.objc; path = WHILoginProfileTableViewController.m; sourceTree = "<group>"; };
		18B659541CF83E0600772326 /* WHIProfileViewController.h */ = {isa = PBXFileReference; fileEncoding = 4; lastKnownFileType = sourcecode.c.h; path = WHIProfileViewController.h; sourceTree = "<group>"; };
		18B659551CF83E0600772326 /* WHIProfileViewController.m */ = {isa = PBXFileReference; fileEncoding = 4; lastKnownFileType = sourcecode.c.objc; path = WHIProfileViewController.m; sourceTree = "<group>"; };
		18B659571CF842C700772326 /* WHIUser+Manager.h */ = {isa = PBXFileReference; fileEncoding = 4; lastKnownFileType = sourcecode.c.h; path = "WHIUser+Manager.h"; sourceTree = "<group>"; };
		18B659581CF842C700772326 /* WHIUser+Manager.m */ = {isa = PBXFileReference; fileEncoding = 4; lastKnownFileType = sourcecode.c.objc; path = "WHIUser+Manager.m"; sourceTree = "<group>"; };
		18DC958F1CEAE36500A54086 /* whisky-Bridging-Header.h */ = {isa = PBXFileReference; lastKnownFileType = sourcecode.c.h; path = "whisky-Bridging-Header.h"; sourceTree = "<group>"; };
		18E0742B1CFEB84C005E1C32 /* WHIHelpTableViewController.h */ = {isa = PBXFileReference; fileEncoding = 4; lastKnownFileType = sourcecode.c.h; path = WHIHelpTableViewController.h; sourceTree = "<group>"; };
		18E0742C1CFEB84C005E1C32 /* WHIHelpTableViewController.m */ = {isa = PBXFileReference; fileEncoding = 4; lastKnownFileType = sourcecode.c.objc; path = WHIHelpTableViewController.m; sourceTree = "<group>"; };
		8FF6B1AD41D0056127CD96AE /* Pods_whisky.framework */ = {isa = PBXFileReference; explicitFileType = wrapper.framework; includeInIndex = 0; path = Pods_whisky.framework; sourceTree = BUILT_PRODUCTS_DIR; };
		B9014CB640D93DE5722B8323 /* Pods-whisky.debug.xcconfig */ = {isa = PBXFileReference; includeInIndex = 1; lastKnownFileType = text.xcconfig; name = "Pods-whisky.debug.xcconfig"; path = "Pods/Target Support Files/Pods-whisky/Pods-whisky.debug.xcconfig"; sourceTree = "<group>"; };
		F9C9EA91F0033F8960E1C1B9 /* Pods-whisky.release.xcconfig */ = {isa = PBXFileReference; includeInIndex = 1; lastKnownFileType = text.xcconfig; name = "Pods-whisky.release.xcconfig"; path = "Pods/Target Support Files/Pods-whisky/Pods-whisky.release.xcconfig"; sourceTree = "<group>"; };
		FD1BC72F1E2E31D500E2B27C /* DeviceTableViewCell.h */ = {isa = PBXFileReference; lastKnownFileType = sourcecode.c.h; path = DeviceTableViewCell.h; sourceTree = "<group>"; };
		FD1BC7301E2E31E700E2B27C /* DeviceTableViewCell.m */ = {isa = PBXFileReference; fileEncoding = 4; lastKnownFileType = sourcecode.c.objc; path = DeviceTableViewCell.m; sourceTree = "<group>"; };
		FD1BC7331E2E372600E2B27C /* DeviceWifi.h */ = {isa = PBXFileReference; lastKnownFileType = sourcecode.c.h; path = DeviceWifi.h; sourceTree = "<group>"; };
		FD1BC7341E2E373900E2B27C /* DeviceWifi.m */ = {isa = PBXFileReference; fileEncoding = 4; lastKnownFileType = sourcecode.c.objc; path = DeviceWifi.m; sourceTree = "<group>"; };
		FD1BC7361E2E6E6900E2B27C /* Device805TableViewController.h */ = {isa = PBXFileReference; fileEncoding = 4; lastKnownFileType = sourcecode.c.h; path = Device805TableViewController.h; sourceTree = "<group>"; };
		FD1BC7371E2E6E6900E2B27C /* Device805TableViewController.m */ = {isa = PBXFileReference; fileEncoding = 4; lastKnownFileType = sourcecode.c.objc; path = Device805TableViewController.m; sourceTree = "<group>"; };
		FD6E6DBF1E0C22A6009F9C9E /* HealthKit.framework */ = {isa = PBXFileReference; lastKnownFileType = wrapper.framework; name = HealthKit.framework; path = System/Library/Frameworks/HealthKit.framework; sourceTree = SDKROOT; };
/* End PBXFileReference section */

/* Begin PBXFrameworksBuildPhase section */
		18897C4B1C9F97FC00A7DBAF /* Frameworks */ = {
			isa = PBXFrameworksBuildPhase;
			buildActionMask = 2147483647;
			files = (
				F2DB17F7DEFCC0BA5BD57BFB /* Pods_whisky.framework in Frameworks */,
				FD6E6DC01E0C22A6009F9C9E /* HealthKit.framework in Frameworks */,
			);
			runOnlyForDeploymentPostprocessing = 0;
		};
		18897C641C9F97FC00A7DBAF /* Frameworks */ = {
			isa = PBXFrameworksBuildPhase;
			buildActionMask = 2147483647;
			files = (
			);
			runOnlyForDeploymentPostprocessing = 0;
		};
		18897C6F1C9F97FC00A7DBAF /* Frameworks */ = {
			isa = PBXFrameworksBuildPhase;
			buildActionMask = 2147483647;
			files = (
			);
			runOnlyForDeploymentPostprocessing = 0;
		};
/* End PBXFrameworksBuildPhase section */

/* Begin PBXGroup section */
		182D55FE1CE3145C002BD78C /* NSDate */ = {
			isa = PBXGroup;
			children = (
				182D56051CE32832002BD78C /* NSDate+Formatter.h */,
				182D56061CE32832002BD78C /* NSDate+Formatter.m */,
			);
			name = NSDate;
			sourceTree = "<group>";
		};
		18378AAE1CE186070051665C /* PMData */ = {
			isa = PBXGroup;
			children = (
				1872F6331CD06D3E0009302E /* WHIPMData.h */,
				1872F6341CD06D3E0009302E /* WHIPMData.m */,
				1872F63C1CD0BA550009302E /* WHIPMData+Manager.h */,
				1872F63D1CD0BA550009302E /* WHIPMData+Manager.m */,
			);
			name = PMData;
			sourceTree = "<group>";
		};
		183BB3FF1CC9D5FD006D8EA7 /* Category */ = {
			isa = PBXGroup;
			children = (
				182D55FE1CE3145C002BD78C /* NSDate */,
				1872F63F1CD0BDA10009302E /* NSValue */,
				18625F9E1CCE10DF00251FC7 /* BMKAddressComponent */,
				183BB4131CC9EA8A006D8EA7 /* UIAlertController */,
				183BB4001CC9D604006D8EA7 /* UIColor */,
			);
			name = Category;
			sourceTree = "<group>";
		};
		183BB4001CC9D604006D8EA7 /* UIColor */ = {
			isa = PBXGroup;
			children = (
				183BB4011CC9D60C006D8EA7 /* UIColor+AppColor.h */,
				183BB4021CC9D60C006D8EA7 /* UIColor+AppColor.m */,
			);
			name = UIColor;
			sourceTree = "<group>";
		};
		183BB4041CC9D6F5006D8EA7 /* Model */ = {
			isa = PBXGroup;
			children = (
				FD1BC7321E2E370800E2B27C /* DeviceWifiPair */,
				18B659491CF6EDCC00772326 /* WHIUser */,
				18378AAB1CE185E80051665C /* WHIBaseDataSource.h */,
				18378AAC1CE185E80051665C /* WHIBaseDataSource.m */,
				183BB4051CC9D715006D8EA7 /* WHIBaseModel.h */,
				183BB4061CC9D715006D8EA7 /* WHIBaseModel.m */,
				1800C2591CED6EBC009018BB /* WHIData.h */,
				1800C25A1CED6EBC009018BB /* WHIData.m */,
				18643E331CFC344100FA86E0 /* WHIData+Manager.h */,
				18643E341CFC344100FA86E0 /* WHIData+Manager.m */,
				18378AAE1CE186070051665C /* PMData */,
			);
			name = Model;
			sourceTree = "<group>";
		};
		183BB4081CC9D759006D8EA7 /* Network */ = {
			isa = PBXGroup;
			children = (
				183BB4091CC9D778006D8EA7 /* WHIClient.h */,
				183BB40A1CC9D778006D8EA7 /* WHIClient.m */,
				183BB40B1CC9D778006D8EA7 /* WHIClientConfigure.h */,
				183BB40C1CC9D778006D8EA7 /* WHIClientConfigure.m */,
				183BB40F1CC9D82C006D8EA7 /* WHIJSONResponseSerializer.h */,
				183BB4101CC9D82C006D8EA7 /* WHIJSONResponseSerializer.m */,
			);
			name = Network;
			sourceTree = "<group>";
		};
		183BB4121CC9E950006D8EA7 /* Location */ = {
			isa = PBXGroup;
			children = (
				183BB4221CC9FB01006D8EA7 /* WHILocationManager.h */,
				183BB4231CC9FB01006D8EA7 /* WHILocationManager.m */,
			);
			name = Location;
			sourceTree = "<group>";
		};
		183BB4131CC9EA8A006D8EA7 /* UIAlertController */ = {
			isa = PBXGroup;
			children = (
				186B185E1CF4034000DD41C2 /* UIAlertController+WeightController.h */,
				186B185F1CF4034000DD41C2 /* UIAlertController+WeightController.m */,
				183BB41F1CC9EBCD006D8EA7 /* UIImagePickerController+Manager.h */,
				183BB4201CC9EBCD006D8EA7 /* UIImagePickerController+Manager.m */,
				183BB4141CC9EA9A006D8EA7 /* UIAlertController+Manager.h */,
				183BB4151CC9EA9A006D8EA7 /* UIAlertController+Manager.m */,
				183BB4161CC9EA9A006D8EA7 /* UIAlertController+ShowAlertMessage.h */,
				183BB4171CC9EA9A006D8EA7 /* UIAlertController+ShowAlertMessage.m */,
			);
			name = UIAlertController;
			sourceTree = "<group>";
		};
		183BB4251CC9FC00006D8EA7 /* UserDefault */ = {
			isa = PBXGroup;
			children = (
				183BB4261CC9FC17006D8EA7 /* WHIUserDefaults.h */,
				183BB4271CC9FC17006D8EA7 /* WHIUserDefaults.m */,
			);
			name = UserDefault;
			sourceTree = "<group>";
		};
		183BB4291CCA0400006D8EA7 /* DataBase */ = {
			isa = PBXGroup;
			children = (
				183BB42A1CCA0413006D8EA7 /* WHIDatabaseManager.h */,
				183BB42B1CCA0413006D8EA7 /* WHIDatabaseManager.m */,
			);
			name = DataBase;
			sourceTree = "<group>";
		};
		18625F9A1CCDBB1400251FC7 /* View */ = {
			isa = PBXGroup;
			children = (
				18625F971CCDBB0300251FC7 /* WHIActivityIndicatorButton.h */,
				18625F981CCDBB0300251FC7 /* WHIActivityIndicatorButton.m */,
			);
			name = View;
			sourceTree = "<group>";
		};
		18625F9E1CCE10DF00251FC7 /* BMKAddressComponent */ = {
			isa = PBXGroup;
			children = (
				18625F9B1CCE10D900251FC7 /* BMKAddressComponent+Coding.h */,
				18625F9C1CCE10D900251FC7 /* BMKAddressComponent+Coding.m */,
			);
			name = BMKAddressComponent;
			sourceTree = "<group>";
		};
		18625F9F1CCE201B00251FC7 /* UI */ = {
			isa = PBXGroup;
			children = (
				18643E291CFBE0E600FA86E0 /* Profile */,
				188209791CF6A90500FF2702 /* Help */,
				188209751CF6A8F200FF2702 /* Home */,
			);
			name = UI;
			sourceTree = "<group>";
		};
		18643E291CFBE0E600FA86E0 /* Profile */ = {
			isa = PBXGroup;
			children = (
				18B659461CF6EBE800772326 /* WHIUpdatePasswordTableViewController.h */,
				18B659471CF6EBE800772326 /* WHIUpdatePasswordTableViewController.m */,
				18B6594D1CF7041D00772326 /* WHIUnloginProfileTableViewController.h */,
				18B6594E1CF7041D00772326 /* WHIUnloginProfileTableViewController.m */,
				18B659501CF7044300772326 /* WHILoginProfileTableViewController.h */,
				18B659511CF7044300772326 /* WHILoginProfileTableViewController.m */,
				18B659541CF83E0600772326 /* WHIProfileViewController.h */,
				18B659551CF83E0600772326 /* WHIProfileViewController.m */,
				18643E2D1CFBE0FC00FA86E0 /* WHIRegisterTableViewController.h */,
				18643E2E1CFBE0FC00FA86E0 /* WHIRegisterTableViewController.m */,
				18643E301CFBF4A200FA86E0 /* WHILoginTableViewController.h */,
				18643E311CFBF4A200FA86E0 /* WHILoginTableViewController.m */,
				184F6D771D52D61700D04AB9 /* WHIForgetPasswordViewController.h */,
				184F6D781D52D61700D04AB9 /* WHIForgetPasswordViewController.m */,
			);
			name = Profile;
			sourceTree = "<group>";
		};
		18643E371CFD68EE00FA86E0 /* Share */ = {
			isa = PBXGroup;
			children = (
				18643E3B1CFD68FA00FA86E0 /* WHIShareManager.h */,
				18643E3C1CFD68FA00FA86E0 /* WHIShareManager.m */,
			);
			name = Share;
			sourceTree = "<group>";
		};
		1872F63F1CD0BDA10009302E /* NSValue */ = {
			isa = PBXGroup;
			children = (
				1872F6401CD0BDB30009302E /* NSValue+Location.h */,
				1872F6411CD0BDB30009302E /* NSValue+Location.m */,
			);
			name = NSValue;
			sourceTree = "<group>";
		};
		188209751CF6A8F200FF2702 /* Home */ = {
			isa = PBXGroup;
			children = (
				1800C25F1CED96A4009018BB /* WHIPmHomeViewController.h */,
				1800C2601CED96A4009018BB /* WHIPmHomeViewController.m */,
			);
			name = Home;
			sourceTree = "<group>";
		};
		188209791CF6A90500FF2702 /* Help */ = {
			isa = PBXGroup;
			children = (
				18B6593D1CF6D28E00772326 /* View */,
				18B6593C1CF6D28400772326 /* ViewController */,
			);
			name = Help;
			sourceTree = "<group>";
		};
		18897C451C9F97FC00A7DBAF = {
			isa = PBXGroup;
			children = (
				18897C501C9F97FC00A7DBAF /* whisky */,
				18897C6A1C9F97FC00A7DBAF /* whiskyTests */,
				18897C751C9F97FC00A7DBAF /* whiskyUITests */,
				18897C4F1C9F97FC00A7DBAF /* Products */,
				B051763B78542A2C8C40D55B /* Pods */,
				CC1E0D31F213CF079D2DA0DA /* Frameworks */,
			);
			sourceTree = "<group>";
		};
		18897C4F1C9F97FC00A7DBAF /* Products */ = {
			isa = PBXGroup;
			children = (
				18897C4E1C9F97FC00A7DBAF /* whisky.app */,
				18897C671C9F97FC00A7DBAF /* whiskyTests.xctest */,
				18897C721C9F97FC00A7DBAF /* whiskyUITests.xctest */,
			);
			name = Products;
			sourceTree = "<group>";
		};
		18897C501C9F97FC00A7DBAF /* whisky */ = {
			isa = PBXGroup;
			children = (
				18FC62BF1D1691E300C191A4 /* Demo */,
				18643E371CFD68EE00FA86E0 /* Share */,
				18B659441CF6DA1E00772326 /* BlueTooth */,
				18A010A91CF310C400209D27 /* Global */,
				18DC958F1CEAE36500A54086 /* whisky-Bridging-Header.h */,
				18A5F16B1CE5E02C00694FDF /* HealthKit */,
				18625FA51CCE22E300251FC7 /* whisky.entitlements */,
				18625F9F1CCE201B00251FC7 /* UI */,
				18625F9A1CCDBB1400251FC7 /* View */,
				183BB4291CCA0400006D8EA7 /* DataBase */,
				183BB4251CC9FC00006D8EA7 /* UserDefault */,
				183BB4121CC9E950006D8EA7 /* Location */,
				183BB4081CC9D759006D8EA7 /* Network */,
				183BB4041CC9D6F5006D8EA7 /* Model */,
				183BB3FF1CC9D5FD006D8EA7 /* Category */,
				18A5F1671CE5CE2500694FDF /* Motion */,
				18897C541C9F97FC00A7DBAF /* AppDelegate.h */,
				18897C551C9F97FC00A7DBAF /* AppDelegate.m */,
				18897C571C9F97FC00A7DBAF /* ViewController.h */,
				18897C581C9F97FC00A7DBAF /* ViewController.m */,
				18897C5A1C9F97FC00A7DBAF /* Main.storyboard */,
				18897C5D1C9F97FC00A7DBAF /* Assets.xcassets */,
				18897C5F1C9F97FC00A7DBAF /* LaunchScreen.storyboard */,
				18897C621C9F97FC00A7DBAF /* Info.plist */,
				18897C511C9F97FC00A7DBAF /* Supporting Files */,
				183BB3FE1CC9D57E006D8EA7 /* WhiskyPrefixHeader.pch */,
				183BB41E1CC9EB71006D8EA7 /* LocalizedString.strings */,
				186B7C071D348C9F00174FD4 /* WHIPrivacyViewController.h */,
				186B7C081D348C9F00174FD4 /* WHIPrivacyViewController.m */,
			);
			path = whisky;
			sourceTree = "<group>";
		};
		18897C511C9F97FC00A7DBAF /* Supporting Files */ = {
			isa = PBXGroup;
			children = (
				18897C521C9F97FC00A7DBAF /* main.m */,
			);
			name = "Supporting Files";
			sourceTree = "<group>";
		};
		18897C6A1C9F97FC00A7DBAF /* whiskyTests */ = {
			isa = PBXGroup;
			children = (
				18897C6B1C9F97FC00A7DBAF /* whiskyTests.m */,
				18897C6D1C9F97FC00A7DBAF /* Info.plist */,
			);
			path = whiskyTests;
			sourceTree = "<group>";
		};
		18897C751C9F97FC00A7DBAF /* whiskyUITests */ = {
			isa = PBXGroup;
			children = (
				18897C761C9F97FC00A7DBAF /* whiskyUITests.m */,
				18897C781C9F97FC00A7DBAF /* Info.plist */,
			);
			path = whiskyUITests;
			sourceTree = "<group>";
		};
		18A010A91CF310C400209D27 /* Global */ = {
			isa = PBXGroup;
			children = (
				18A010AA1CF310D700209D27 /* WHIGlobal.h */,
				18A010AB1CF310D700209D27 /* WHIGlobal.m */,
			);
			name = Global;
			sourceTree = "<group>";
		};
		18A5F1671CE5CE2500694FDF /* Motion */ = {
			isa = PBXGroup;
			children = (
				18A5F1681CE5CE6000694FDF /* WHIMotionManager.h */,
				18A5F1691CE5CE6000694FDF /* WHIMotionManager.m */,
			);
			name = Motion;
			sourceTree = "<group>";
		};
		18A5F16B1CE5E02C00694FDF /* HealthKit */ = {
			isa = PBXGroup;
			children = (
				18A5F16C1CE5E15900694FDF /* WHIHealthKit.h */,
				18A5F16D1CE5E15900694FDF /* WHIHealthKit.m */,
			);
			name = HealthKit;
			sourceTree = "<group>";
		};
		18B6593C1CF6D28400772326 /* ViewController */ = {
			isa = PBXGroup;
			children = (
				1882097A1CF6A91D00FF2702 /* WHIBluetoothTableViewController.h */,
				1882097B1CF6A91D00FF2702 /* WHIBluetoothTableViewController.m */,
				18E0742B1CFEB84C005E1C32 /* WHIHelpTableViewController.h */,
				18E0742C1CFEB84C005E1C32 /* WHIHelpTableViewController.m */,
				FD1BC7361E2E6E6900E2B27C /* Device805TableViewController.h */,
				FD1BC7371E2E6E6900E2B27C /* Device805TableViewController.m */,
			);
			name = ViewController;
			sourceTree = "<group>";
		};
		18B6593D1CF6D28E00772326 /* View */ = {
			isa = PBXGroup;
			children = (
				18B6593E1CF6D2A100772326 /* WHIBluetoothTableViewCell.h */,
				18B6593F1CF6D2A100772326 /* WHIBluetoothTableViewCell.m */,
				FD1BC72F1E2E31D500E2B27C /* DeviceTableViewCell.h */,
				FD1BC7301E2E31E700E2B27C /* DeviceTableViewCell.m */,
			);
			name = View;
			sourceTree = "<group>";
		};
		18B659441CF6DA1E00772326 /* BlueTooth */ = {
			isa = PBXGroup;
			children = (
				18B659411CF6DA1400772326 /* WHIBlueTooth.h */,
				18B659421CF6DA1400772326 /* WHIBlueTooth.m */,
			);
			name = BlueTooth;
			sourceTree = "<group>";
		};
		18B659491CF6EDCC00772326 /* WHIUser */ = {
			isa = PBXGroup;
			children = (
				18B6594A1CF6EDDB00772326 /* WHIUser.h */,
				18B6594B1CF6EDDB00772326 /* WHIUser.m */,
				18B659571CF842C700772326 /* WHIUser+Manager.h */,
				18B659581CF842C700772326 /* WHIUser+Manager.m */,
			);
			name = WHIUser;
			sourceTree = "<group>";
		};
		18FC62BF1D1691E300C191A4 /* Demo */ = {
			isa = PBXGroup;
			children = (
				188A52AD1D17B08500106FC9 /* WHIUdpSocket.h */,
				188A52AE1D17B08500106FC9 /* WHIUdpSocket.m */,
			);
			name = Demo;
			sourceTree = "<group>";
		};
		B051763B78542A2C8C40D55B /* Pods */ = {
			isa = PBXGroup;
			children = (
				B9014CB640D93DE5722B8323 /* Pods-whisky.debug.xcconfig */,
				F9C9EA91F0033F8960E1C1B9 /* Pods-whisky.release.xcconfig */,
			);
			name = Pods;
			sourceTree = "<group>";
		};
		CC1E0D31F213CF079D2DA0DA /* Frameworks */ = {
			isa = PBXGroup;
			children = (
				FD6E6DBF1E0C22A6009F9C9E /* HealthKit.framework */,
				8FF6B1AD41D0056127CD96AE /* Pods_whisky.framework */,
			);
			name = Frameworks;
			sourceTree = "<group>";
		};
		FD1BC7321E2E370800E2B27C /* DeviceWifiPair */ = {
			isa = PBXGroup;
			children = (
				FD1BC7331E2E372600E2B27C /* DeviceWifi.h */,
				FD1BC7341E2E373900E2B27C /* DeviceWifi.m */,
			);
			name = DeviceWifiPair;
			sourceTree = "<group>";
		};
/* End PBXGroup section */

/* Begin PBXNativeTarget section */
		18897C4D1C9F97FC00A7DBAF /* whisky */ = {
			isa = PBXNativeTarget;
			buildConfigurationList = 18897C7B1C9F97FC00A7DBAF /* Build configuration list for PBXNativeTarget "whisky" */;
			buildPhases = (
				DD7B4715E42E071CF6B7840D /* 📦 Check Pods Manifest.lock */,
				E532E94C3745DD31519BEFB7 /* [CP] Check Pods Manifest.lock */,
				18897C4A1C9F97FC00A7DBAF /* Sources */,
				18897C4B1C9F97FC00A7DBAF /* Frameworks */,
				18897C4C1C9F97FC00A7DBAF /* Resources */,
				188209731CF69CC200FF2702 /* Embed Frameworks */,
				C719B51157AD48A8B04E716C /* [CP] Embed Pods Frameworks */,
				D085E2C4424BF6AF5F013ABD /* [CP] Copy Pods Resources */,
				BDBF6ED322AF8002F926D451 /* 📦 Embed Pods Frameworks */,
				C372935651EBC8182CE7EE11 /* 📦 Copy Pods Resources */,
			);
			buildRules = (
			);
			dependencies = (
			);
			name = whisky;
			productName = whisky;
			productReference = 18897C4E1C9F97FC00A7DBAF /* whisky.app */;
			productType = "com.apple.product-type.application";
		};
		18897C661C9F97FC00A7DBAF /* whiskyTests */ = {
			isa = PBXNativeTarget;
			buildConfigurationList = 18897C7E1C9F97FC00A7DBAF /* Build configuration list for PBXNativeTarget "whiskyTests" */;
			buildPhases = (
				18897C631C9F97FC00A7DBAF /* Sources */,
				18897C641C9F97FC00A7DBAF /* Frameworks */,
				18897C651C9F97FC00A7DBAF /* Resources */,
			);
			buildRules = (
			);
			dependencies = (
				18897C691C9F97FC00A7DBAF /* PBXTargetDependency */,
			);
			name = whiskyTests;
			productName = whiskyTests;
			productReference = 18897C671C9F97FC00A7DBAF /* whiskyTests.xctest */;
			productType = "com.apple.product-type.bundle.unit-test";
		};
		18897C711C9F97FC00A7DBAF /* whiskyUITests */ = {
			isa = PBXNativeTarget;
			buildConfigurationList = 18897C811C9F97FC00A7DBAF /* Build configuration list for PBXNativeTarget "whiskyUITests" */;
			buildPhases = (
				18897C6E1C9F97FC00A7DBAF /* Sources */,
				18897C6F1C9F97FC00A7DBAF /* Frameworks */,
				18897C701C9F97FC00A7DBAF /* Resources */,
			);
			buildRules = (
			);
			dependencies = (
				18897C741C9F97FC00A7DBAF /* PBXTargetDependency */,
			);
			name = whiskyUITests;
			productName = whiskyUITests;
			productReference = 18897C721C9F97FC00A7DBAF /* whiskyUITests.xctest */;
			productType = "com.apple.product-type.bundle.ui-testing";
		};
/* End PBXNativeTarget section */

/* Begin PBXProject section */
		18897C461C9F97FC00A7DBAF /* Project object */ = {
			isa = PBXProject;
			attributes = {
				LastSwiftUpdateCheck = 0730;
				LastUpgradeCheck = 0720;
				ORGANIZATIONNAME = www.qiufeng.me;
				TargetAttributes = {
					18897C4D1C9F97FC00A7DBAF = {
						CreatedOnToolsVersion = 7.2.1;
						DevelopmentTeam = KEH8SN9A36;
						LastSwiftMigration = 0820;
						ProvisioningStyle = Automatic;
						SystemCapabilities = {
							com.apple.BackgroundModes = {
								enabled = 1;
							};
							com.apple.HealthKit = {
								enabled = 1;
							};
							com.apple.HomeKit = {
								enabled = 0;
							};
						};
					};
					18897C661C9F97FC00A7DBAF = {
						CreatedOnToolsVersion = 7.2.1;
						LastSwiftMigration = 0820;
						TestTargetID = 18897C4D1C9F97FC00A7DBAF;
					};
					18897C711C9F97FC00A7DBAF = {
						CreatedOnToolsVersion = 7.2.1;
						LastSwiftMigration = 0820;
						TestTargetID = 18897C4D1C9F97FC00A7DBAF;
					};
				};
			};
			buildConfigurationList = 18897C491C9F97FC00A7DBAF /* Build configuration list for PBXProject "whisky" */;
			compatibilityVersion = "Xcode 3.2";
			developmentRegion = English;
			hasScannedForEncodings = 0;
			knownRegions = (
				en,
				Base,
				"zh-Hans",
			);
			mainGroup = 18897C451C9F97FC00A7DBAF;
			productRefGroup = 18897C4F1C9F97FC00A7DBAF /* Products */;
			projectDirPath = "";
			projectRoot = "";
			targets = (
				18897C4D1C9F97FC00A7DBAF /* whisky */,
				18897C661C9F97FC00A7DBAF /* whiskyTests */,
				18897C711C9F97FC00A7DBAF /* whiskyUITests */,
			);
		};
/* End PBXProject section */

/* Begin PBXResourcesBuildPhase section */
		18897C4C1C9F97FC00A7DBAF /* Resources */ = {
			isa = PBXResourcesBuildPhase;
			buildActionMask = 2147483647;
			files = (
				18897C611C9F97FC00A7DBAF /* LaunchScreen.storyboard in Resources */,
				18897C5E1C9F97FC00A7DBAF /* Assets.xcassets in Resources */,
				183BB41C1CC9EB71006D8EA7 /* LocalizedString.strings in Resources */,
				18897C5C1C9F97FC00A7DBAF /* Main.storyboard in Resources */,
			);
			runOnlyForDeploymentPostprocessing = 0;
		};
		18897C651C9F97FC00A7DBAF /* Resources */ = {
			isa = PBXResourcesBuildPhase;
			buildActionMask = 2147483647;
			files = (
			);
			runOnlyForDeploymentPostprocessing = 0;
		};
		18897C701C9F97FC00A7DBAF /* Resources */ = {
			isa = PBXResourcesBuildPhase;
			buildActionMask = 2147483647;
			files = (
			);
			runOnlyForDeploymentPostprocessing = 0;
		};
/* End PBXResourcesBuildPhase section */

/* Begin PBXShellScriptBuildPhase section */
		BDBF6ED322AF8002F926D451 /* 📦 Embed Pods Frameworks */ = {
			isa = PBXShellScriptBuildPhase;
			buildActionMask = 2147483647;
			files = (
			);
			inputPaths = (
			);
			name = "📦 Embed Pods Frameworks";
			outputPaths = (
			);
			runOnlyForDeploymentPostprocessing = 0;
			shellPath = /bin/sh;
			shellScript = "\"${SRCROOT}/Pods/Target Support Files/Pods-whisky/Pods-whisky-frameworks.sh\"\n";
			showEnvVarsInLog = 0;
		};
		C372935651EBC8182CE7EE11 /* 📦 Copy Pods Resources */ = {
			isa = PBXShellScriptBuildPhase;
			buildActionMask = 2147483647;
			files = (
			);
			inputPaths = (
			);
			name = "📦 Copy Pods Resources";
			outputPaths = (
			);
			runOnlyForDeploymentPostprocessing = 0;
			shellPath = /bin/sh;
			shellScript = "\"${SRCROOT}/Pods/Target Support Files/Pods-whisky/Pods-whisky-resources.sh\"\n";
			showEnvVarsInLog = 0;
		};
		C719B51157AD48A8B04E716C /* [CP] Embed Pods Frameworks */ = {
			isa = PBXShellScriptBuildPhase;
			buildActionMask = 2147483647;
			files = (
			);
			inputPaths = (
			);
			name = "[CP] Embed Pods Frameworks";
			outputPaths = (
			);
			runOnlyForDeploymentPostprocessing = 0;
			shellPath = /bin/sh;
			shellScript = "\"${SRCROOT}/Pods/Target Support Files/Pods-whisky/Pods-whisky-frameworks.sh\"\n";
			showEnvVarsInLog = 0;
		};
		D085E2C4424BF6AF5F013ABD /* [CP] Copy Pods Resources */ = {
			isa = PBXShellScriptBuildPhase;
			buildActionMask = 2147483647;
			files = (
			);
			inputPaths = (
			);
			name = "[CP] Copy Pods Resources";
			outputPaths = (
			);
			runOnlyForDeploymentPostprocessing = 0;
			shellPath = /bin/sh;
			shellScript = "\"${SRCROOT}/Pods/Target Support Files/Pods-whisky/Pods-whisky-resources.sh\"\n";
			showEnvVarsInLog = 0;
		};
		DD7B4715E42E071CF6B7840D /* 📦 Check Pods Manifest.lock */ = {
			isa = PBXShellScriptBuildPhase;
			buildActionMask = 2147483647;
			files = (
			);
			inputPaths = (
			);
			name = "📦 Check Pods Manifest.lock";
			outputPaths = (
			);
			runOnlyForDeploymentPostprocessing = 0;
			shellPath = /bin/sh;
			shellScript = "diff \"${PODS_ROOT}/../Podfile.lock\" \"${PODS_ROOT}/Manifest.lock\" > /dev/null\nif [[ $? != 0 ]] ; then\n    cat << EOM\nerror: The sandbox is not in sync with the Podfile.lock. Run 'pod install' or update your CocoaPods installation.\nEOM\n    exit 1\nfi\n";
			showEnvVarsInLog = 0;
		};
		E532E94C3745DD31519BEFB7 /* [CP] Check Pods Manifest.lock */ = {
			isa = PBXShellScriptBuildPhase;
			buildActionMask = 2147483647;
			files = (
			);
			inputPaths = (
			);
			name = "[CP] Check Pods Manifest.lock";
			outputPaths = (
			);
			runOnlyForDeploymentPostprocessing = 0;
			shellPath = /bin/sh;
			shellScript = "diff \"${PODS_ROOT}/../Podfile.lock\" \"${PODS_ROOT}/Manifest.lock\" > /dev/null\nif [[ $? != 0 ]] ; then\n    cat << EOM\nerror: The sandbox is not in sync with the Podfile.lock. Run 'pod install' or update your CocoaPods installation.\nEOM\n    exit 1\nfi\n";
			showEnvVarsInLog = 0;
		};
/* End PBXShellScriptBuildPhase section */

/* Begin PBXSourcesBuildPhase section */
		18897C4A1C9F97FC00A7DBAF /* Sources */ = {
			isa = PBXSourcesBuildPhase;
			buildActionMask = 2147483647;
			files = (
				18B6594F1CF7041D00772326 /* WHIUnloginProfileTableViewController.m in Sources */,
				1800C25B1CED6EBC009018BB /* WHIData.m in Sources */,
				18B659521CF7044300772326 /* WHILoginProfileTableViewController.m in Sources */,
				182D56071CE32832002BD78C /* NSDate+Formatter.m in Sources */,
				18643E321CFBF4A200FA86E0 /* WHILoginTableViewController.m in Sources */,
				18A5F16A1CE5CE6000694FDF /* WHIMotionManager.m in Sources */,
				18643E351CFC344100FA86E0 /* WHIData+Manager.m in Sources */,
				18897C591C9F97FC00A7DBAF /* ViewController.m in Sources */,
				186B18601CF4034000DD41C2 /* UIAlertController+WeightController.m in Sources */,
				183BB4031CC9D60C006D8EA7 /* UIColor+AppColor.m in Sources */,
				1800C2611CED96A4009018BB /* WHIPmHomeViewController.m in Sources */,
				184F6D791D52D61700D04AB9 /* WHIForgetPasswordViewController.m in Sources */,
				183BB4191CC9EA9A006D8EA7 /* UIAlertController+ShowAlertMessage.m in Sources */,
				FD1BC7381E2E6E6900E2B27C /* Device805TableViewController.m in Sources */,
				18378AAD1CE185E80051665C /* WHIBaseDataSource.m in Sources */,
				1872F6421CD0BDB30009302E /* NSValue+Location.m in Sources */,
				FD1BC7311E2E31E700E2B27C /* DeviceTableViewCell.m in Sources */,
				18A010AC1CF310D700209D27 /* WHIGlobal.m in Sources */,
				18B6594C1CF6EDDB00772326 /* WHIUser.m in Sources */,
				1882097C1CF6A91D00FF2702 /* WHIBluetoothTableViewController.m in Sources */,
				18B659401CF6D2A100772326 /* WHIBluetoothTableViewCell.m in Sources */,
				18643E3D1CFD68FA00FA86E0 /* WHIShareManager.m in Sources */,
				183BB4181CC9EA9A006D8EA7 /* UIAlertController+Manager.m in Sources */,
				18B659591CF842C700772326 /* WHIUser+Manager.m in Sources */,
				18B659431CF6DA1400772326 /* WHIBlueTooth.m in Sources */,
				183BB4111CC9D82C006D8EA7 /* WHIJSONResponseSerializer.m in Sources */,
				183BB40D1CC9D778006D8EA7 /* WHIClient.m in Sources */,
				18B659561CF83E0600772326 /* WHIProfileViewController.m in Sources */,
				18A5F16E1CE5E15900694FDF /* WHIHealthKit.m in Sources */,
				18643E2F1CFBE0FC00FA86E0 /* WHIRegisterTableViewController.m in Sources */,
				183BB40E1CC9D778006D8EA7 /* WHIClientConfigure.m in Sources */,
				188A52AF1D17B08500106FC9 /* WHIUdpSocket.m in Sources */,
				18E0742D1CFEB84C005E1C32 /* WHIHelpTableViewController.m in Sources */,
				186B7C091D348C9F00174FD4 /* WHIPrivacyViewController.m in Sources */,
				FD1BC7351E2E373900E2B27C /* DeviceWifi.m in Sources */,
				183BB4241CC9FB01006D8EA7 /* WHILocationManager.m in Sources */,
				183BB42C1CCA0413006D8EA7 /* WHIDatabaseManager.m in Sources */,
				18625F9D1CCE10D900251FC7 /* BMKAddressComponent+Coding.m in Sources */,
				18625F991CCDBB0300251FC7 /* WHIActivityIndicatorButton.m in Sources */,
				183BB4211CC9EBCD006D8EA7 /* UIImagePickerController+Manager.m in Sources */,
				183BB4071CC9D715006D8EA7 /* WHIBaseModel.m in Sources */,
				18B659481CF6EBE800772326 /* WHIUpdatePasswordTableViewController.m in Sources */,
				18897C561C9F97FC00A7DBAF /* AppDelegate.m in Sources */,
				1872F63E1CD0BA550009302E /* WHIPMData+Manager.m in Sources */,
				1872F6351CD06D3E0009302E /* WHIPMData.m in Sources */,
				183BB4281CC9FC17006D8EA7 /* WHIUserDefaults.m in Sources */,
				18897C531C9F97FC00A7DBAF /* main.m in Sources */,
			);
			runOnlyForDeploymentPostprocessing = 0;
		};
		18897C631C9F97FC00A7DBAF /* Sources */ = {
			isa = PBXSourcesBuildPhase;
			buildActionMask = 2147483647;
			files = (
				18897C6C1C9F97FC00A7DBAF /* whiskyTests.m in Sources */,
			);
			runOnlyForDeploymentPostprocessing = 0;
		};
		18897C6E1C9F97FC00A7DBAF /* Sources */ = {
			isa = PBXSourcesBuildPhase;
			buildActionMask = 2147483647;
			files = (
				18897C771C9F97FC00A7DBAF /* whiskyUITests.m in Sources */,
			);
			runOnlyForDeploymentPostprocessing = 0;
		};
/* End PBXSourcesBuildPhase section */

/* Begin PBXTargetDependency section */
		18897C691C9F97FC00A7DBAF /* PBXTargetDependency */ = {
			isa = PBXTargetDependency;
			target = 18897C4D1C9F97FC00A7DBAF /* whisky */;
			targetProxy = 18897C681C9F97FC00A7DBAF /* PBXContainerItemProxy */;
		};
		18897C741C9F97FC00A7DBAF /* PBXTargetDependency */ = {
			isa = PBXTargetDependency;
			target = 18897C4D1C9F97FC00A7DBAF /* whisky */;
			targetProxy = 18897C731C9F97FC00A7DBAF /* PBXContainerItemProxy */;
		};
/* End PBXTargetDependency section */

/* Begin PBXVariantGroup section */
		183BB41E1CC9EB71006D8EA7 /* LocalizedString.strings */ = {
			isa = PBXVariantGroup;
			children = (
				183BB41D1CC9EB71006D8EA7 /* en */,
			);
			name = LocalizedString.strings;
			sourceTree = "<group>";
		};
		18897C5A1C9F97FC00A7DBAF /* Main.storyboard */ = {
			isa = PBXVariantGroup;
			children = (
				18897C5B1C9F97FC00A7DBAF /* Base */,
			);
			name = Main.storyboard;
			sourceTree = "<group>";
		};
		18897C5F1C9F97FC00A7DBAF /* LaunchScreen.storyboard */ = {
			isa = PBXVariantGroup;
			children = (
				18897C601C9F97FC00A7DBAF /* Base */,
			);
			name = LaunchScreen.storyboard;
			sourceTree = "<group>";
		};
/* End PBXVariantGroup section */

/* Begin XCBuildConfiguration section */
		18897C791C9F97FC00A7DBAF /* Debug */ = {
			isa = XCBuildConfiguration;
			buildSettings = {
				ALWAYS_SEARCH_USER_PATHS = NO;
				CLANG_CXX_LANGUAGE_STANDARD = "gnu++0x";
				CLANG_CXX_LIBRARY = "libc++";
				CLANG_ENABLE_MODULES = YES;
				CLANG_ENABLE_OBJC_ARC = YES;
				CLANG_WARN_BOOL_CONVERSION = YES;
				CLANG_WARN_CONSTANT_CONVERSION = YES;
				CLANG_WARN_DIRECT_OBJC_ISA_USAGE = YES_ERROR;
				CLANG_WARN_EMPTY_BODY = YES;
				CLANG_WARN_ENUM_CONVERSION = YES;
				CLANG_WARN_INT_CONVERSION = YES;
				CLANG_WARN_OBJC_ROOT_CLASS = YES_ERROR;
				CLANG_WARN_UNREACHABLE_CODE = YES;
				CLANG_WARN__DUPLICATE_METHOD_MATCH = YES;
				"CODE_SIGN_IDENTITY[sdk=iphoneos*]" = "iPhone Developer";
				COPY_PHASE_STRIP = NO;
				DEBUG_INFORMATION_FORMAT = dwarf;
				EMBEDDED_CONTENT_CONTAINS_SWIFT = YES;
				ENABLE_STRICT_OBJC_MSGSEND = YES;
				ENABLE_TESTABILITY = YES;
				GCC_C_LANGUAGE_STANDARD = gnu99;
				GCC_DYNAMIC_NO_PIC = NO;
				GCC_INPUT_FILETYPE = automatic;
				GCC_NO_COMMON_BLOCKS = YES;
				GCC_OPTIMIZATION_LEVEL = 0;
				GCC_PREPROCESSOR_DEFINITIONS = (
					"DEBUG=1",
					"$(inherited)",
				);
				GCC_WARN_64_TO_32_BIT_CONVERSION = YES;
				GCC_WARN_ABOUT_RETURN_TYPE = YES_ERROR;
				GCC_WARN_UNDECLARED_SELECTOR = YES;
				GCC_WARN_UNINITIALIZED_AUTOS = YES_AGGRESSIVE;
				GCC_WARN_UNUSED_FUNCTION = YES;
				GCC_WARN_UNUSED_VARIABLE = YES;
				IPHONEOS_DEPLOYMENT_TARGET = 9.2;
				MTL_ENABLE_DEBUG_INFO = YES;
				ONLY_ACTIVE_ARCH = YES;
				SDKROOT = iphoneos;
				TARGETED_DEVICE_FAMILY = "1,2";
			};
			name = Debug;
		};
		18897C7A1C9F97FC00A7DBAF /* Release */ = {
			isa = XCBuildConfiguration;
			buildSettings = {
				ALWAYS_SEARCH_USER_PATHS = NO;
				CLANG_CXX_LANGUAGE_STANDARD = "gnu++0x";
				CLANG_CXX_LIBRARY = "libc++";
				CLANG_ENABLE_MODULES = YES;
				CLANG_ENABLE_OBJC_ARC = YES;
				CLANG_WARN_BOOL_CONVERSION = YES;
				CLANG_WARN_CONSTANT_CONVERSION = YES;
				CLANG_WARN_DIRECT_OBJC_ISA_USAGE = YES_ERROR;
				CLANG_WARN_EMPTY_BODY = YES;
				CLANG_WARN_ENUM_CONVERSION = YES;
				CLANG_WARN_INT_CONVERSION = YES;
				CLANG_WARN_OBJC_ROOT_CLASS = YES_ERROR;
				CLANG_WARN_UNREACHABLE_CODE = YES;
				CLANG_WARN__DUPLICATE_METHOD_MATCH = YES;
				"CODE_SIGN_IDENTITY[sdk=iphoneos*]" = "iPhone Developer";
				COPY_PHASE_STRIP = NO;
				DEBUG_INFORMATION_FORMAT = "dwarf-with-dsym";
				EMBEDDED_CONTENT_CONTAINS_SWIFT = YES;
				ENABLE_NS_ASSERTIONS = NO;
				ENABLE_STRICT_OBJC_MSGSEND = YES;
				GCC_C_LANGUAGE_STANDARD = gnu99;
				GCC_INPUT_FILETYPE = automatic;
				GCC_NO_COMMON_BLOCKS = YES;
				GCC_WARN_64_TO_32_BIT_CONVERSION = YES;
				GCC_WARN_ABOUT_RETURN_TYPE = YES_ERROR;
				GCC_WARN_UNDECLARED_SELECTOR = YES;
				GCC_WARN_UNINITIALIZED_AUTOS = YES_AGGRESSIVE;
				GCC_WARN_UNUSED_FUNCTION = YES;
				GCC_WARN_UNUSED_VARIABLE = YES;
				IPHONEOS_DEPLOYMENT_TARGET = 9.2;
				MTL_ENABLE_DEBUG_INFO = NO;
				SDKROOT = iphoneos;
				TARGETED_DEVICE_FAMILY = "1,2";
				VALIDATE_PRODUCT = YES;
			};
			name = Release;
		};
		18897C7C1C9F97FC00A7DBAF /* Debug */ = {
			isa = XCBuildConfiguration;
			baseConfigurationReference = B9014CB640D93DE5722B8323 /* Pods-whisky.debug.xcconfig */;
			buildSettings = {
				ASSETCATALOG_COMPILER_APPICON_NAME = AppIcon;
				CLANG_ENABLE_MODULES = YES;
				CODE_SIGN_ENTITLEMENTS = whisky/whisky.entitlements;
				CODE_SIGN_IDENTITY = "iPhone Developer";
				"CODE_SIGN_IDENTITY[sdk=iphoneos*]" = "iPhone Developer";
				DEVELOPMENT_TEAM = KEH8SN9A36;
				EMBEDDED_CONTENT_CONTAINS_SWIFT = "$(inherited)";
				ENABLE_BITCODE = NO;
				FRAMEWORK_SEARCH_PATHS = (
					"$(inherited)",
					"$(PROJECT_DIR)/UMSocial_Sdk_5.2.1/TencentOpenAPI",
				);
				GCC_PREFIX_HEADER = "$(SRCROOT)/whisky/WhiskyPrefixHeader.pch";
				INFOPLIST_FILE = whisky/Info.plist;
				IPHONEOS_DEPLOYMENT_TARGET = 9.0;
				LD_RUNPATH_SEARCH_PATHS = "$(inherited) @executable_path/Frameworks";
				LIBRARY_SEARCH_PATHS = (
					"$(inherited)",
					"$(PROJECT_DIR)/UMSocial_Sdk_5.2.1",
					"$(PROJECT_DIR)/UMSocial_Sdk_5.2.1/Wechat",
					"$(PROJECT_DIR)/UMSocial_Sdk_5.2.1/SinaSSO",
					"$(PROJECT_DIR)/UMSocial_Sdk_5.2.1/TencentOpenAPI",
				);
				PRODUCT_BUNDLE_IDENTIFIER = ilab.tongji.edu.cn;
				PRODUCT_NAME = "$(TARGET_NAME)";
				PROVISIONING_PROFILE = "";
				SWIFT_OBJC_BRIDGING_HEADER = "whisky/whisky-Bridging-Header.h";
				SWIFT_OPTIMIZATION_LEVEL = "-Onone";
				SWIFT_VERSION = 3.0;
				TARGETED_DEVICE_FAMILY = 1;
			};
			name = Debug;
		};
		18897C7D1C9F97FC00A7DBAF /* Release */ = {
			isa = XCBuildConfiguration;
			baseConfigurationReference = F9C9EA91F0033F8960E1C1B9 /* Pods-whisky.release.xcconfig */;
			buildSettings = {
				ASSETCATALOG_COMPILER_APPICON_NAME = AppIcon;
				CLANG_ENABLE_MODULES = YES;
				CODE_SIGN_ENTITLEMENTS = whisky/whisky.entitlements;
				CODE_SIGN_IDENTITY = "iPhone Developer";
				"CODE_SIGN_IDENTITY[sdk=iphoneos*]" = "iPhone Developer";
				DEVELOPMENT_TEAM = KEH8SN9A36;
				EMBEDDED_CONTENT_CONTAINS_SWIFT = "$(inherited)";
				ENABLE_BITCODE = NO;
				FRAMEWORK_SEARCH_PATHS = (
					"$(inherited)",
					"$(PROJECT_DIR)/UMSocial_Sdk_5.2.1/TencentOpenAPI",
				);
				GCC_PREFIX_HEADER = "$(SRCROOT)/whisky/WhiskyPrefixHeader.pch";
				INFOPLIST_FILE = whisky/Info.plist;
				IPHONEOS_DEPLOYMENT_TARGET = 9.0;
				LD_RUNPATH_SEARCH_PATHS = "$(inherited) @executable_path/Frameworks";
				LIBRARY_SEARCH_PATHS = (
					"$(inherited)",
					"$(PROJECT_DIR)/UMSocial_Sdk_5.2.1",
					"$(PROJECT_DIR)/UMSocial_Sdk_5.2.1/Wechat",
					"$(PROJECT_DIR)/UMSocial_Sdk_5.2.1/SinaSSO",
					"$(PROJECT_DIR)/UMSocial_Sdk_5.2.1/TencentOpenAPI",
				);
				PRODUCT_BUNDLE_IDENTIFIER = ilab.tongji.edu.cn;
				PRODUCT_NAME = "$(TARGET_NAME)";
				PROVISIONING_PROFILE = "";
				SWIFT_OBJC_BRIDGING_HEADER = "whisky/whisky-Bridging-Header.h";
				SWIFT_VERSION = 3.0;
				TARGETED_DEVICE_FAMILY = 1;
			};
			name = Release;
		};
		18897C7F1C9F97FC00A7DBAF /* Debug */ = {
			isa = XCBuildConfiguration;
			buildSettings = {
				BUNDLE_LOADER = "$(TEST_HOST)";
				INFOPLIST_FILE = whiskyTests/Info.plist;
				LD_RUNPATH_SEARCH_PATHS = "$(inherited) @executable_path/Frameworks @loader_path/Frameworks";
				PRODUCT_BUNDLE_IDENTIFIER = me.qiufeng.www.whiskyTests;
				PRODUCT_NAME = "$(TARGET_NAME)";
				SWIFT_VERSION = 3.0;
				TEST_HOST = "$(BUILT_PRODUCTS_DIR)/whisky.app/whisky";
			};
			name = Debug;
		};
		18897C801C9F97FC00A7DBAF /* Release */ = {
			isa = XCBuildConfiguration;
			buildSettings = {
				BUNDLE_LOADER = "$(TEST_HOST)";
				INFOPLIST_FILE = whiskyTests/Info.plist;
				LD_RUNPATH_SEARCH_PATHS = "$(inherited) @executable_path/Frameworks @loader_path/Frameworks";
				PRODUCT_BUNDLE_IDENTIFIER = me.qiufeng.www.whiskyTests;
				PRODUCT_NAME = "$(TARGET_NAME)";
				SWIFT_VERSION = 3.0;
				TEST_HOST = "$(BUILT_PRODUCTS_DIR)/whisky.app/whisky";
			};
			name = Release;
		};
		18897C821C9F97FC00A7DBAF /* Debug */ = {
			isa = XCBuildConfiguration;
			buildSettings = {
				INFOPLIST_FILE = whiskyUITests/Info.plist;
				LD_RUNPATH_SEARCH_PATHS = "$(inherited) @executable_path/Frameworks @loader_path/Frameworks";
				PRODUCT_BUNDLE_IDENTIFIER = me.qiufeng.www.whiskyUITests;
				PRODUCT_NAME = "$(TARGET_NAME)";
				SWIFT_VERSION = 3.0;
				TEST_TARGET_NAME = whisky;
				USES_XCTRUNNER = YES;
			};
			name = Debug;
		};
		18897C831C9F97FC00A7DBAF /* Release */ = {
			isa = XCBuildConfiguration;
			buildSettings = {
				INFOPLIST_FILE = whiskyUITests/Info.plist;
				LD_RUNPATH_SEARCH_PATHS = "$(inherited) @executable_path/Frameworks @loader_path/Frameworks";
				PRODUCT_BUNDLE_IDENTIFIER = me.qiufeng.www.whiskyUITests;
				PRODUCT_NAME = "$(TARGET_NAME)";
				SWIFT_VERSION = 3.0;
				TEST_TARGET_NAME = whisky;
				USES_XCTRUNNER = YES;
			};
			name = Release;
		};
		FD6E6DC11E1024CD009F9C9E /* ad hoc distribution */ = {
			isa = XCBuildConfiguration;
			buildSettings = {
				ALWAYS_SEARCH_USER_PATHS = NO;
				CLANG_CXX_LANGUAGE_STANDARD = "gnu++0x";
				CLANG_CXX_LIBRARY = "libc++";
				CLANG_ENABLE_MODULES = YES;
				CLANG_ENABLE_OBJC_ARC = YES;
				CLANG_WARN_BOOL_CONVERSION = YES;
				CLANG_WARN_CONSTANT_CONVERSION = YES;
				CLANG_WARN_DIRECT_OBJC_ISA_USAGE = YES_ERROR;
				CLANG_WARN_EMPTY_BODY = YES;
				CLANG_WARN_ENUM_CONVERSION = YES;
				CLANG_WARN_INT_CONVERSION = YES;
				CLANG_WARN_OBJC_ROOT_CLASS = YES_ERROR;
				CLANG_WARN_UNREACHABLE_CODE = YES;
				CLANG_WARN__DUPLICATE_METHOD_MATCH = YES;
				"CODE_SIGN_IDENTITY[sdk=iphoneos*]" = "iPhone Developer";
				COPY_PHASE_STRIP = NO;
				DEBUG_INFORMATION_FORMAT = "dwarf-with-dsym";
				EMBEDDED_CONTENT_CONTAINS_SWIFT = YES;
				ENABLE_NS_ASSERTIONS = NO;
				ENABLE_STRICT_OBJC_MSGSEND = YES;
				GCC_C_LANGUAGE_STANDARD = gnu99;
				GCC_INPUT_FILETYPE = automatic;
				GCC_NO_COMMON_BLOCKS = YES;
				GCC_WARN_64_TO_32_BIT_CONVERSION = YES;
				GCC_WARN_ABOUT_RETURN_TYPE = YES_ERROR;
				GCC_WARN_UNDECLARED_SELECTOR = YES;
				GCC_WARN_UNINITIALIZED_AUTOS = YES_AGGRESSIVE;
				GCC_WARN_UNUSED_FUNCTION = YES;
				GCC_WARN_UNUSED_VARIABLE = YES;
				IPHONEOS_DEPLOYMENT_TARGET = 9.2;
				MTL_ENABLE_DEBUG_INFO = NO;
				SDKROOT = iphoneos;
				TARGETED_DEVICE_FAMILY = "1,2";
				VALIDATE_PRODUCT = YES;
			};
			name = "ad hoc distribution";
		};
		FD6E6DC21E1024CD009F9C9E /* ad hoc distribution */ = {
			isa = XCBuildConfiguration;
			baseConfigurationReference = F9C9EA91F0033F8960E1C1B9 /* Pods-whisky.release.xcconfig */;
			buildSettings = {
				ASSETCATALOG_COMPILER_APPICON_NAME = AppIcon;
				CLANG_ENABLE_MODULES = YES;
				CODE_SIGN_ENTITLEMENTS = whisky/whisky.entitlements;
				CODE_SIGN_IDENTITY = "iPhone Developer: long cheng (94GZMP8UVK)";
				"CODE_SIGN_IDENTITY[sdk=iphoneos*]" = "iPhone Developer: long cheng (94GZMP8UVK)";
				DEVELOPMENT_TEAM = KEH8SN9A36;
				EMBEDDED_CONTENT_CONTAINS_SWIFT = "$(inherited)";
				ENABLE_BITCODE = NO;
				FRAMEWORK_SEARCH_PATHS = (
					"$(inherited)",
					"$(PROJECT_DIR)/UMSocial_Sdk_5.2.1/TencentOpenAPI",
				);
				GCC_PREFIX_HEADER = "$(SRCROOT)/whisky/WhiskyPrefixHeader.pch";
				INFOPLIST_FILE = whisky/Info.plist;
				IPHONEOS_DEPLOYMENT_TARGET = 9.0;
				LD_RUNPATH_SEARCH_PATHS = "$(inherited) @executable_path/Frameworks";
				LIBRARY_SEARCH_PATHS = (
					"$(inherited)",
					"$(PROJECT_DIR)/UMSocial_Sdk_5.2.1",
					"$(PROJECT_DIR)/UMSocial_Sdk_5.2.1/Wechat",
					"$(PROJECT_DIR)/UMSocial_Sdk_5.2.1/SinaSSO",
					"$(PROJECT_DIR)/UMSocial_Sdk_5.2.1/TencentOpenAPI",
				);
				PRODUCT_BUNDLE_IDENTIFIER = ilab.tongji.edu.cn;
				PRODUCT_NAME = "$(TARGET_NAME)";
				PROVISIONING_PROFILE = "";
				SWIFT_OBJC_BRIDGING_HEADER = "whisky/whisky-Bridging-Header.h";
				SWIFT_VERSION = 3.0;
				TARGETED_DEVICE_FAMILY = 1;
			};
			name = "ad hoc distribution";
		};
		FD6E6DC31E1024CD009F9C9E /* ad hoc distribution */ = {
			isa = XCBuildConfiguration;
			buildSettings = {
				BUNDLE_LOADER = "$(TEST_HOST)";
				INFOPLIST_FILE = whiskyTests/Info.plist;
				LD_RUNPATH_SEARCH_PATHS = "$(inherited) @executable_path/Frameworks @loader_path/Frameworks";
				PRODUCT_BUNDLE_IDENTIFIER = me.qiufeng.www.whiskyTests;
				PRODUCT_NAME = "$(TARGET_NAME)";
				SWIFT_VERSION = 3.0;
				TEST_HOST = "$(BUILT_PRODUCTS_DIR)/whisky.app/whisky";
			};
			name = "ad hoc distribution";
		};
		FD6E6DC41E1024CD009F9C9E /* ad hoc distribution */ = {
			isa = XCBuildConfiguration;
			buildSettings = {
				INFOPLIST_FILE = whiskyUITests/Info.plist;
				LD_RUNPATH_SEARCH_PATHS = "$(inherited) @executable_path/Frameworks @loader_path/Frameworks";
				PRODUCT_BUNDLE_IDENTIFIER = me.qiufeng.www.whiskyUITests;
				PRODUCT_NAME = "$(TARGET_NAME)";
				SWIFT_VERSION = 3.0;
				TEST_TARGET_NAME = whisky;
				USES_XCTRUNNER = YES;
			};
			name = "ad hoc distribution";
		};
/* End XCBuildConfiguration section */

/* Begin XCConfigurationList section */
		18897C491C9F97FC00A7DBAF /* Build configuration list for PBXProject "whisky" */ = {
			isa = XCConfigurationList;
			buildConfigurations = (
				18897C791C9F97FC00A7DBAF /* Debug */,
				18897C7A1C9F97FC00A7DBAF /* Release */,
				FD6E6DC11E1024CD009F9C9E /* ad hoc distribution */,
			);
			defaultConfigurationIsVisible = 0;
			defaultConfigurationName = Release;
		};
		18897C7B1C9F97FC00A7DBAF /* Build configuration list for PBXNativeTarget "whisky" */ = {
			isa = XCConfigurationList;
			buildConfigurations = (
				18897C7C1C9F97FC00A7DBAF /* Debug */,
				18897C7D1C9F97FC00A7DBAF /* Release */,
				FD6E6DC21E1024CD009F9C9E /* ad hoc distribution */,
			);
			defaultConfigurationIsVisible = 0;
			defaultConfigurationName = Release;
		};
		18897C7E1C9F97FC00A7DBAF /* Build configuration list for PBXNativeTarget "whiskyTests" */ = {
			isa = XCConfigurationList;
			buildConfigurations = (
				18897C7F1C9F97FC00A7DBAF /* Debug */,
				18897C801C9F97FC00A7DBAF /* Release */,
				FD6E6DC31E1024CD009F9C9E /* ad hoc distribution */,
			);
			defaultConfigurationIsVisible = 0;
			defaultConfigurationName = Release;
		};
		18897C811C9F97FC00A7DBAF /* Build configuration list for PBXNativeTarget "whiskyUITests" */ = {
			isa = XCConfigurationList;
			buildConfigurations = (
				18897C821C9F97FC00A7DBAF /* Debug */,
				18897C831C9F97FC00A7DBAF /* Release */,
				FD6E6DC41E1024CD009F9C9E /* ad hoc distribution */,
			);
			defaultConfigurationIsVisible = 0;
			defaultConfigurationName = Release;
		};
/* End XCConfigurationList section */
	};
	rootObject = 18897C461C9F97FC00A7DBAF /* Project object */;
}
